// !$*UTF8*$!
{
	archiveVersion = 1;
	classes = {
	};
	objectVersion = 56;
	objects = {

/* Begin PBXBuildFile section */
		1A7D388128E05F6B00145A8D /* AppDelegate.swift in Sources */ = {isa = PBXBuildFile; fileRef = 1A7D388028E05F6B00145A8D /* AppDelegate.swift */; };
		1A7D388328E05F6B00145A8D /* SceneDelegate.swift in Sources */ = {isa = PBXBuildFile; fileRef = 1A7D388228E05F6B00145A8D /* SceneDelegate.swift */; };
		1A7D388528E05F6B00145A8D /* ViewController.swift in Sources */ = {isa = PBXBuildFile; fileRef = 1A7D388428E05F6B00145A8D /* ViewController.swift */; };
		1A7D388828E05F6B00145A8D /* Main.storyboard in Resources */ = {isa = PBXBuildFile; fileRef = 1A7D388628E05F6B00145A8D /* Main.storyboard */; };
		1A7D388A28E05F6C00145A8D /* Assets.xcassets in Resources */ = {isa = PBXBuildFile; fileRef = 1A7D388928E05F6C00145A8D /* Assets.xcassets */; };
		1A7D388D28E05F6C00145A8D /* LaunchScreen.storyboard in Resources */ = {isa = PBXBuildFile; fileRef = 1A7D388B28E05F6C00145A8D /* LaunchScreen.storyboard */; };
		1A7D389828E05F6C00145A8D /* InstagramFirestoreCloneTests.swift in Sources */ = {isa = PBXBuildFile; fileRef = 1A7D389728E05F6C00145A8D /* InstagramFirestoreCloneTests.swift */; };
		1A7D38A228E05F6C00145A8D /* InstagramFirestoreCloneUITests.swift in Sources */ = {isa = PBXBuildFile; fileRef = 1A7D38A128E05F6C00145A8D /* InstagramFirestoreCloneUITests.swift */; };
		1A7D38A428E05F6C00145A8D /* InstagramFirestoreCloneUITestsLaunchTests.swift in Sources */ = {isa = PBXBuildFile; fileRef = 1A7D38A328E05F6C00145A8D /* InstagramFirestoreCloneUITestsLaunchTests.swift */; };
		1A7D38B128E0603E00145A8D /* README.md in Resources */ = {isa = PBXBuildFile; fileRef = 1A7D38B028E0603E00145A8D /* README.md */; };
		1A7D38B928E0616100145A8D /* MainTabController.swift in Sources */ = {isa = PBXBuildFile; fileRef = 1A7D38B828E0616100145A8D /* MainTabController.swift */; };
		1A7D38BB28E062EF00145A8D /* FeedController.swift in Sources */ = {isa = PBXBuildFile; fileRef = 1A7D38BA28E062EF00145A8D /* FeedController.swift */; };
		1A7D38BD28E0630000145A8D /* SearchController.swift in Sources */ = {isa = PBXBuildFile; fileRef = 1A7D38BC28E0630000145A8D /* SearchController.swift */; };
		1A7D38BF28E0631800145A8D /* ImageSelectorController.swift in Sources */ = {isa = PBXBuildFile; fileRef = 1A7D38BE28E0631800145A8D /* ImageSelectorController.swift */; };
		1A7D38C128E0633700145A8D /* NotificationController.swift in Sources */ = {isa = PBXBuildFile; fileRef = 1A7D38C028E0633700145A8D /* NotificationController.swift */; };
		1A7D38C328E0634400145A8D /* ProfileController.swift in Sources */ = {isa = PBXBuildFile; fileRef = 1A7D38C228E0634400145A8D /* ProfileController.swift */; };
/* End PBXBuildFile section */

/* Begin PBXContainerItemProxy section */
		1A7D389428E05F6C00145A8D /* PBXContainerItemProxy */ = {
			isa = PBXContainerItemProxy;
			containerPortal = 1A7D387528E05F6B00145A8D /* Project object */;
			proxyType = 1;
			remoteGlobalIDString = 1A7D387C28E05F6B00145A8D;
			remoteInfo = InstagramFirestoreClone;
		};
		1A7D389E28E05F6C00145A8D /* PBXContainerItemProxy */ = {
			isa = PBXContainerItemProxy;
			containerPortal = 1A7D387528E05F6B00145A8D /* Project object */;
			proxyType = 1;
			remoteGlobalIDString = 1A7D387C28E05F6B00145A8D;
			remoteInfo = InstagramFirestoreClone;
		};
/* End PBXContainerItemProxy section */

/* Begin PBXFileReference section */
		1A7D387D28E05F6B00145A8D /* InstagramFirestoreClone.app */ = {isa = PBXFileReference; explicitFileType = wrapper.application; includeInIndex = 0; path = InstagramFirestoreClone.app; sourceTree = BUILT_PRODUCTS_DIR; };
		1A7D388028E05F6B00145A8D /* AppDelegate.swift */ = {isa = PBXFileReference; lastKnownFileType = sourcecode.swift; path = AppDelegate.swift; sourceTree = "<group>"; };
		1A7D388228E05F6B00145A8D /* SceneDelegate.swift */ = {isa = PBXFileReference; lastKnownFileType = sourcecode.swift; path = SceneDelegate.swift; sourceTree = "<group>"; };
		1A7D388428E05F6B00145A8D /* ViewController.swift */ = {isa = PBXFileReference; lastKnownFileType = sourcecode.swift; path = ViewController.swift; sourceTree = "<group>"; };
		1A7D388728E05F6B00145A8D /* Base */ = {isa = PBXFileReference; lastKnownFileType = file.storyboard; name = Base; path = Base.lproj/Main.storyboard; sourceTree = "<group>"; };
		1A7D388928E05F6C00145A8D /* Assets.xcassets */ = {isa = PBXFileReference; lastKnownFileType = folder.assetcatalog; path = Assets.xcassets; sourceTree = "<group>"; };
		1A7D388C28E05F6C00145A8D /* Base */ = {isa = PBXFileReference; lastKnownFileType = file.storyboard; name = Base; path = Base.lproj/LaunchScreen.storyboard; sourceTree = "<group>"; };
		1A7D388E28E05F6C00145A8D /* Info.plist */ = {isa = PBXFileReference; lastKnownFileType = text.plist.xml; path = Info.plist; sourceTree = "<group>"; };
		1A7D389328E05F6C00145A8D /* InstagramFirestoreCloneTests.xctest */ = {isa = PBXFileReference; explicitFileType = wrapper.cfbundle; includeInIndex = 0; path = InstagramFirestoreCloneTests.xctest; sourceTree = BUILT_PRODUCTS_DIR; };
		1A7D389728E05F6C00145A8D /* InstagramFirestoreCloneTests.swift */ = {isa = PBXFileReference; lastKnownFileType = sourcecode.swift; path = InstagramFirestoreCloneTests.swift; sourceTree = "<group>"; };
		1A7D389D28E05F6C00145A8D /* InstagramFirestoreCloneUITests.xctest */ = {isa = PBXFileReference; explicitFileType = wrapper.cfbundle; includeInIndex = 0; path = InstagramFirestoreCloneUITests.xctest; sourceTree = BUILT_PRODUCTS_DIR; };
		1A7D38A128E05F6C00145A8D /* InstagramFirestoreCloneUITests.swift */ = {isa = PBXFileReference; lastKnownFileType = sourcecode.swift; path = InstagramFirestoreCloneUITests.swift; sourceTree = "<group>"; };
		1A7D38A328E05F6C00145A8D /* InstagramFirestoreCloneUITestsLaunchTests.swift */ = {isa = PBXFileReference; lastKnownFileType = sourcecode.swift; path = InstagramFirestoreCloneUITestsLaunchTests.swift; sourceTree = "<group>"; };
		1A7D38B028E0603E00145A8D /* README.md */ = {isa = PBXFileReference; fileEncoding = 4; lastKnownFileType = net.daringfireball.markdown; path = README.md; sourceTree = SOURCE_ROOT; };
		1A7D38B828E0616100145A8D /* MainTabController.swift */ = {isa = PBXFileReference; lastKnownFileType = sourcecode.swift; path = MainTabController.swift; sourceTree = "<group>"; };
		1A7D38BA28E062EF00145A8D /* FeedController.swift */ = {isa = PBXFileReference; lastKnownFileType = sourcecode.swift; path = FeedController.swift; sourceTree = "<group>"; };
		1A7D38BC28E0630000145A8D /* SearchController.swift */ = {isa = PBXFileReference; lastKnownFileType = sourcecode.swift; path = SearchController.swift; sourceTree = "<group>"; };
		1A7D38BE28E0631800145A8D /* ImageSelectorController.swift */ = {isa = PBXFileReference; lastKnownFileType = sourcecode.swift; path = ImageSelectorController.swift; sourceTree = "<group>"; };
		1A7D38C028E0633700145A8D /* NotificationController.swift */ = {isa = PBXFileReference; lastKnownFileType = sourcecode.swift; path = NotificationController.swift; sourceTree = "<group>"; };
		1A7D38C228E0634400145A8D /* ProfileController.swift */ = {isa = PBXFileReference; lastKnownFileType = sourcecode.swift; path = ProfileController.swift; sourceTree = "<group>"; };
/* End PBXFileReference section */

/* Begin PBXFrameworksBuildPhase section */
		1A7D387A28E05F6B00145A8D /* Frameworks */ = {
			isa = PBXFrameworksBuildPhase;
			buildActionMask = 2147483647;
			files = (
			);
			runOnlyForDeploymentPostprocessing = 0;
		};
		1A7D389028E05F6C00145A8D /* Frameworks */ = {
			isa = PBXFrameworksBuildPhase;
			buildActionMask = 2147483647;
			files = (
			);
			runOnlyForDeploymentPostprocessing = 0;
		};
		1A7D389A28E05F6C00145A8D /* Frameworks */ = {
			isa = PBXFrameworksBuildPhase;
			buildActionMask = 2147483647;
			files = (
			);
			runOnlyForDeploymentPostprocessing = 0;
		};
/* End PBXFrameworksBuildPhase section */

/* Begin PBXGroup section */
		1A7D387428E05F6B00145A8D = {
			isa = PBXGroup;
			children = (
				1A7D387F28E05F6B00145A8D /* InstagramFirestoreClone */,
				1A7D389628E05F6C00145A8D /* InstagramFirestoreCloneTests */,
				1A7D38A028E05F6C00145A8D /* InstagramFirestoreCloneUITests */,
				1A7D387E28E05F6B00145A8D /* Products */,
			);
			sourceTree = "<group>";
		};
		1A7D387E28E05F6B00145A8D /* Products */ = {
			isa = PBXGroup;
			children = (
				1A7D387D28E05F6B00145A8D /* InstagramFirestoreClone.app */,
				1A7D389328E05F6C00145A8D /* InstagramFirestoreCloneTests.xctest */,
				1A7D389D28E05F6C00145A8D /* InstagramFirestoreCloneUITests.xctest */,
			);
			name = Products;
			sourceTree = "<group>";
		};
		1A7D387F28E05F6B00145A8D /* InstagramFirestoreClone */ = {
			isa = PBXGroup;
			children = (
				1A7D38B728E0611D00145A8D /* Utils */,
				1A7D38B628E0611600145A8D /* API */,
				1A7D38B528E060F900145A8D /* Controller */,
				1A7D38B428E060F600145A8D /* ViewModel */,
				1A7D38B328E060F300145A8D /* View */,
				1A7D38B228E060D800145A8D /* Model */,
				1A7D388028E05F6B00145A8D /* AppDelegate.swift */,
				1A7D388228E05F6B00145A8D /* SceneDelegate.swift */,
				1A7D388428E05F6B00145A8D /* ViewController.swift */,
				1A7D388628E05F6B00145A8D /* Main.storyboard */,
				1A7D388928E05F6C00145A8D /* Assets.xcassets */,
				1A7D388B28E05F6C00145A8D /* LaunchScreen.storyboard */,
				1A7D388E28E05F6C00145A8D /* Info.plist */,
				1A7D38B028E0603E00145A8D /* README.md */,
			);
			path = InstagramFirestoreClone;
			sourceTree = "<group>";
		};
		1A7D389628E05F6C00145A8D /* InstagramFirestoreCloneTests */ = {
			isa = PBXGroup;
			children = (
				1A7D389728E05F6C00145A8D /* InstagramFirestoreCloneTests.swift */,
			);
			path = InstagramFirestoreCloneTests;
			sourceTree = "<group>";
		};
		1A7D38A028E05F6C00145A8D /* InstagramFirestoreCloneUITests */ = {
			isa = PBXGroup;
			children = (
				1A7D38A128E05F6C00145A8D /* InstagramFirestoreCloneUITests.swift */,
				1A7D38A328E05F6C00145A8D /* InstagramFirestoreCloneUITestsLaunchTests.swift */,
			);
			path = InstagramFirestoreCloneUITests;
			sourceTree = "<group>";
		};
		1A7D38B228E060D800145A8D /* Model */ = {
			isa = PBXGroup;
			children = (
			);
			path = Model;
			sourceTree = "<group>";
		};
		1A7D38B328E060F300145A8D /* View */ = {
			isa = PBXGroup;
			children = (
			);
			path = View;
			sourceTree = "<group>";
		};
		1A7D38B428E060F600145A8D /* ViewModel */ = {
			isa = PBXGroup;
			children = (
			);
			path = ViewModel;
			sourceTree = "<group>";
		};
		1A7D38B528E060F900145A8D /* Controller */ = {
			isa = PBXGroup;
			children = (
				1A7D38B828E0616100145A8D /* MainTabController.swift */,
				1A7D38BA28E062EF00145A8D /* FeedController.swift */,
				1A7D38BC28E0630000145A8D /* SearchController.swift */,
				1A7D38BE28E0631800145A8D /* ImageSelectorController.swift */,
				1A7D38C028E0633700145A8D /* NotificationController.swift */,
				1A7D38C228E0634400145A8D /* ProfileController.swift */,
			);
			path = Controller;
			sourceTree = "<group>";
		};
		1A7D38B628E0611600145A8D /* API */ = {
			isa = PBXGroup;
			children = (
			);
			path = API;
			sourceTree = "<group>";
		};
		1A7D38B728E0611D00145A8D /* Utils */ = {
			isa = PBXGroup;
			children = (
			);
			path = Utils;
			sourceTree = "<group>";
		};
/* End PBXGroup section */

/* Begin PBXNativeTarget section */
		1A7D387C28E05F6B00145A8D /* InstagramFirestoreClone */ = {
			isa = PBXNativeTarget;
			buildConfigurationList = 1A7D38A728E05F6C00145A8D /* Build configuration list for PBXNativeTarget "InstagramFirestoreClone" */;
			buildPhases = (
				1A7D387928E05F6B00145A8D /* Sources */,
				1A7D387A28E05F6B00145A8D /* Frameworks */,
				1A7D387B28E05F6B00145A8D /* Resources */,
			);
			buildRules = (
			);
			dependencies = (
			);
			name = InstagramFirestoreClone;
			productName = InstagramFirestoreClone;
			productReference = 1A7D387D28E05F6B00145A8D /* InstagramFirestoreClone.app */;
			productType = "com.apple.product-type.application";
		};
		1A7D389228E05F6C00145A8D /* InstagramFirestoreCloneTests */ = {
			isa = PBXNativeTarget;
			buildConfigurationList = 1A7D38AA28E05F6C00145A8D /* Build configuration list for PBXNativeTarget "InstagramFirestoreCloneTests" */;
			buildPhases = (
				1A7D388F28E05F6C00145A8D /* Sources */,
				1A7D389028E05F6C00145A8D /* Frameworks */,
				1A7D389128E05F6C00145A8D /* Resources */,
			);
			buildRules = (
			);
			dependencies = (
				1A7D389528E05F6C00145A8D /* PBXTargetDependency */,
			);
			name = InstagramFirestoreCloneTests;
			productName = InstagramFirestoreCloneTests;
			productReference = 1A7D389328E05F6C00145A8D /* InstagramFirestoreCloneTests.xctest */;
			productType = "com.apple.product-type.bundle.unit-test";
		};
		1A7D389C28E05F6C00145A8D /* InstagramFirestoreCloneUITests */ = {
			isa = PBXNativeTarget;
			buildConfigurationList = 1A7D38AD28E05F6C00145A8D /* Build configuration list for PBXNativeTarget "InstagramFirestoreCloneUITests" */;
			buildPhases = (
				1A7D389928E05F6C00145A8D /* Sources */,
				1A7D389A28E05F6C00145A8D /* Frameworks */,
				1A7D389B28E05F6C00145A8D /* Resources */,
			);
			buildRules = (
			);
			dependencies = (
				1A7D389F28E05F6C00145A8D /* PBXTargetDependency */,
			);
			name = InstagramFirestoreCloneUITests;
			productName = InstagramFirestoreCloneUITests;
			productReference = 1A7D389D28E05F6C00145A8D /* InstagramFirestoreCloneUITests.xctest */;
			productType = "com.apple.product-type.bundle.ui-testing";
		};
/* End PBXNativeTarget section */

/* Begin PBXProject section */
		1A7D387528E05F6B00145A8D /* Project object */ = {
			isa = PBXProject;
			attributes = {
				BuildIndependentTargetsInParallel = 1;
				LastSwiftUpdateCheck = 1400;
				LastUpgradeCheck = 1400;
				TargetAttributes = {
					1A7D387C28E05F6B00145A8D = {
						CreatedOnToolsVersion = 14.0;
					};
					1A7D389228E05F6C00145A8D = {
						CreatedOnToolsVersion = 14.0;
						TestTargetID = 1A7D387C28E05F6B00145A8D;
					};
					1A7D389C28E05F6C00145A8D = {
						CreatedOnToolsVersion = 14.0;
						TestTargetID = 1A7D387C28E05F6B00145A8D;
					};
				};
			};
			buildConfigurationList = 1A7D387828E05F6B00145A8D /* Build configuration list for PBXProject "InstagramFirestoreClone" */;
			compatibilityVersion = "Xcode 14.0";
			developmentRegion = en;
			hasScannedForEncodings = 0;
			knownRegions = (
				en,
				Base,
			);
			mainGroup = 1A7D387428E05F6B00145A8D;
			productRefGroup = 1A7D387E28E05F6B00145A8D /* Products */;
			projectDirPath = "";
			projectRoot = "";
			targets = (
				1A7D387C28E05F6B00145A8D /* InstagramFirestoreClone */,
				1A7D389228E05F6C00145A8D /* InstagramFirestoreCloneTests */,
				1A7D389C28E05F6C00145A8D /* InstagramFirestoreCloneUITests */,
			);
		};
/* End PBXProject section */

/* Begin PBXResourcesBuildPhase section */
		1A7D387B28E05F6B00145A8D /* Resources */ = {
			isa = PBXResourcesBuildPhase;
			buildActionMask = 2147483647;
			files = (
				1A7D388D28E05F6C00145A8D /* LaunchScreen.storyboard in Resources */,
				1A7D388A28E05F6C00145A8D /* Assets.xcassets in Resources */,
				1A7D38B128E0603E00145A8D /* README.md in Resources */,
				1A7D388828E05F6B00145A8D /* Main.storyboard in Resources */,
			);
			runOnlyForDeploymentPostprocessing = 0;
		};
		1A7D389128E05F6C00145A8D /* Resources */ = {
			isa = PBXResourcesBuildPhase;
			buildActionMask = 2147483647;
			files = (
			);
			runOnlyForDeploymentPostprocessing = 0;
		};
		1A7D389B28E05F6C00145A8D /* Resources */ = {
			isa = PBXResourcesBuildPhase;
			buildActionMask = 2147483647;
			files = (
			);
			runOnlyForDeploymentPostprocessing = 0;
		};
/* End PBXResourcesBuildPhase section */

/* Begin PBXSourcesBuildPhase section */
		1A7D387928E05F6B00145A8D /* Sources */ = {
			isa = PBXSourcesBuildPhase;
			buildActionMask = 2147483647;
			files = (
				1A7D388528E05F6B00145A8D /* ViewController.swift in Sources */,
				1A7D38BF28E0631800145A8D /* ImageSelectorController.swift in Sources */,
				1A7D38C128E0633700145A8D /* NotificationController.swift in Sources */,
				1A7D38BD28E0630000145A8D /* SearchController.swift in Sources */,
				1A7D388128E05F6B00145A8D /* AppDelegate.swift in Sources */,
				1A7D38C328E0634400145A8D /* ProfileController.swift in Sources */,
				1A7D38BB28E062EF00145A8D /* FeedController.swift in Sources */,
				1A7D38B928E0616100145A8D /* MainTabController.swift in Sources */,
				1A7D388328E05F6B00145A8D /* SceneDelegate.swift in Sources */,
			);
			runOnlyForDeploymentPostprocessing = 0;
		};
		1A7D388F28E05F6C00145A8D /* Sources */ = {
			isa = PBXSourcesBuildPhase;
			buildActionMask = 2147483647;
			files = (
				1A7D389828E05F6C00145A8D /* InstagramFirestoreCloneTests.swift in Sources */,
			);
			runOnlyForDeploymentPostprocessing = 0;
		};
		1A7D389928E05F6C00145A8D /* Sources */ = {
			isa = PBXSourcesBuildPhase;
			buildActionMask = 2147483647;
			files = (
				1A7D38A228E05F6C00145A8D /* InstagramFirestoreCloneUITests.swift in Sources */,
				1A7D38A428E05F6C00145A8D /* InstagramFirestoreCloneUITestsLaunchTests.swift in Sources */,
			);
			runOnlyForDeploymentPostprocessing = 0;
		};
/* End PBXSourcesBuildPhase section */

/* Begin PBXTargetDependency section */
		1A7D389528E05F6C00145A8D /* PBXTargetDependency */ = {
			isa = PBXTargetDependency;
			target = 1A7D387C28E05F6B00145A8D /* InstagramFirestoreClone */;
			targetProxy = 1A7D389428E05F6C00145A8D /* PBXContainerItemProxy */;
		};
		1A7D389F28E05F6C00145A8D /* PBXTargetDependency */ = {
			isa = PBXTargetDependency;
			target = 1A7D387C28E05F6B00145A8D /* InstagramFirestoreClone */;
			targetProxy = 1A7D389E28E05F6C00145A8D /* PBXContainerItemProxy */;
		};
/* End PBXTargetDependency section */

/* Begin PBXVariantGroup section */
		1A7D388628E05F6B00145A8D /* Main.storyboard */ = {
			isa = PBXVariantGroup;
			children = (
				1A7D388728E05F6B00145A8D /* Base */,
			);
			name = Main.storyboard;
			sourceTree = "<group>";
		};
		1A7D388B28E05F6C00145A8D /* LaunchScreen.storyboard */ = {
			isa = PBXVariantGroup;
			children = (
				1A7D388C28E05F6C00145A8D /* Base */,
			);
			name = LaunchScreen.storyboard;
			sourceTree = "<group>";
		};
/* End PBXVariantGroup section */

/* Begin XCBuildConfiguration section */
		1A7D38A528E05F6C00145A8D /* Debug */ = {
			isa = XCBuildConfiguration;
			buildSettings = {
				ALWAYS_SEARCH_USER_PATHS = NO;
				CLANG_ANALYZER_NONNULL = YES;
				CLANG_ANALYZER_NUMBER_OBJECT_CONVERSION = YES_AGGRESSIVE;
				CLANG_CXX_LANGUAGE_STANDARD = "gnu++20";
				CLANG_ENABLE_MODULES = YES;
				CLANG_ENABLE_OBJC_ARC = YES;
				CLANG_ENABLE_OBJC_WEAK = YES;
				CLANG_WARN_BLOCK_CAPTURE_AUTORELEASING = YES;
				CLANG_WARN_BOOL_CONVERSION = YES;
				CLANG_WARN_COMMA = YES;
				CLANG_WARN_CONSTANT_CONVERSION = YES;
				CLANG_WARN_DEPRECATED_OBJC_IMPLEMENTATIONS = YES;
				CLANG_WARN_DIRECT_OBJC_ISA_USAGE = YES_ERROR;
				CLANG_WARN_DOCUMENTATION_COMMENTS = YES;
				CLANG_WARN_EMPTY_BODY = YES;
				CLANG_WARN_ENUM_CONVERSION = YES;
				CLANG_WARN_INFINITE_RECURSION = YES;
				CLANG_WARN_INT_CONVERSION = YES;
				CLANG_WARN_NON_LITERAL_NULL_CONVERSION = YES;
				CLANG_WARN_OBJC_IMPLICIT_RETAIN_SELF = YES;
				CLANG_WARN_OBJC_LITERAL_CONVERSION = YES;
				CLANG_WARN_OBJC_ROOT_CLASS = YES_ERROR;
				CLANG_WARN_QUOTED_INCLUDE_IN_FRAMEWORK_HEADER = YES;
				CLANG_WARN_RANGE_LOOP_ANALYSIS = YES;
				CLANG_WARN_STRICT_PROTOTYPES = YES;
				CLANG_WARN_SUSPICIOUS_MOVE = YES;
				CLANG_WARN_UNGUARDED_AVAILABILITY = YES_AGGRESSIVE;
				CLANG_WARN_UNREACHABLE_CODE = YES;
				CLANG_WARN__DUPLICATE_METHOD_MATCH = YES;
				COPY_PHASE_STRIP = NO;
				DEBUG_INFORMATION_FORMAT = dwarf;
				ENABLE_STRICT_OBJC_MSGSEND = YES;
				ENABLE_TESTABILITY = YES;
				GCC_C_LANGUAGE_STANDARD = gnu11;
				GCC_DYNAMIC_NO_PIC = NO;
				GCC_NO_COMMON_BLOCKS = YES;
				GCC_OPTIMIZATION_LEVEL = 0;
				GCC_PREPROCESSOR_DEFINITIONS = (
					"DEBUG=1",
					"$(inherited)",
				);
				GCC_WARN_64_TO_32_BIT_CONVERSION = YES;
				GCC_WARN_ABOUT_RETURN_TYPE = YES_ERROR;
				GCC_WARN_UNDECLARED_SELECTOR = YES;
				GCC_WARN_UNINITIALIZED_AUTOS = YES_AGGRESSIVE;
				GCC_WARN_UNUSED_FUNCTION = YES;
				GCC_WARN_UNUSED_VARIABLE = YES;
				IPHONEOS_DEPLOYMENT_TARGET = 16.0;
				MTL_ENABLE_DEBUG_INFO = INCLUDE_SOURCE;
				MTL_FAST_MATH = YES;
				ONLY_ACTIVE_ARCH = YES;
				SDKROOT = iphoneos;
				SWIFT_ACTIVE_COMPILATION_CONDITIONS = DEBUG;
				SWIFT_OPTIMIZATION_LEVEL = "-Onone";
			};
			name = Debug;
		};
		1A7D38A628E05F6C00145A8D /* Release */ = {
			isa = XCBuildConfiguration;
			buildSettings = {
				ALWAYS_SEARCH_USER_PATHS = NO;
				CLANG_ANALYZER_NONNULL = YES;
				CLANG_ANALYZER_NUMBER_OBJECT_CONVERSION = YES_AGGRESSIVE;
				CLANG_CXX_LANGUAGE_STANDARD = "gnu++20";
				CLANG_ENABLE_MODULES = YES;
				CLANG_ENABLE_OBJC_ARC = YES;
				CLANG_ENABLE_OBJC_WEAK = YES;
				CLANG_WARN_BLOCK_CAPTURE_AUTORELEASING = YES;
				CLANG_WARN_BOOL_CONVERSION = YES;
				CLANG_WARN_COMMA = YES;
				CLANG_WARN_CONSTANT_CONVERSION = YES;
				CLANG_WARN_DEPRECATED_OBJC_IMPLEMENTATIONS = YES;
				CLANG_WARN_DIRECT_OBJC_ISA_USAGE = YES_ERROR;
				CLANG_WARN_DOCUMENTATION_COMMENTS = YES;
				CLANG_WARN_EMPTY_BODY = YES;
				CLANG_WARN_ENUM_CONVERSION = YES;
				CLANG_WARN_INFINITE_RECURSION = YES;
				CLANG_WARN_INT_CONVERSION = YES;
				CLANG_WARN_NON_LITERAL_NULL_CONVERSION = YES;
				CLANG_WARN_OBJC_IMPLICIT_RETAIN_SELF = YES;
				CLANG_WARN_OBJC_LITERAL_CONVERSION = YES;
				CLANG_WARN_OBJC_ROOT_CLASS = YES_ERROR;
				CLANG_WARN_QUOTED_INCLUDE_IN_FRAMEWORK_HEADER = YES;
				CLANG_WARN_RANGE_LOOP_ANALYSIS = YES;
				CLANG_WARN_STRICT_PROTOTYPES = YES;
				CLANG_WARN_SUSPICIOUS_MOVE = YES;
				CLANG_WARN_UNGUARDED_AVAILABILITY = YES_AGGRESSIVE;
				CLANG_WARN_UNREACHABLE_CODE = YES;
				CLANG_WARN__DUPLICATE_METHOD_MATCH = YES;
				COPY_PHASE_STRIP = NO;
				DEBUG_INFORMATION_FORMAT = "dwarf-with-dsym";
				ENABLE_NS_ASSERTIONS = NO;
				ENABLE_STRICT_OBJC_MSGSEND = YES;
				GCC_C_LANGUAGE_STANDARD = gnu11;
				GCC_NO_COMMON_BLOCKS = YES;
				GCC_WARN_64_TO_32_BIT_CONVERSION = YES;
				GCC_WARN_ABOUT_RETURN_TYPE = YES_ERROR;
				GCC_WARN_UNDECLARED_SELECTOR = YES;
				GCC_WARN_UNINITIALIZED_AUTOS = YES_AGGRESSIVE;
				GCC_WARN_UNUSED_FUNCTION = YES;
				GCC_WARN_UNUSED_VARIABLE = YES;
				IPHONEOS_DEPLOYMENT_TARGET = 16.0;
				MTL_ENABLE_DEBUG_INFO = NO;
				MTL_FAST_MATH = YES;
				SDKROOT = iphoneos;
				SWIFT_COMPILATION_MODE = wholemodule;
				SWIFT_OPTIMIZATION_LEVEL = "-O";
				VALIDATE_PRODUCT = YES;
			};
			name = Release;
		};
		1A7D38A828E05F6C00145A8D /* Debug */ = {
			isa = XCBuildConfiguration;
			buildSettings = {
				ASSETCATALOG_COMPILER_APPICON_NAME = AppIcon;
				ASSETCATALOG_COMPILER_GLOBAL_ACCENT_COLOR_NAME = AccentColor;
				CODE_SIGN_STYLE = Automatic;
				CURRENT_PROJECT_VERSION = 1;
				DEVELOPMENT_TEAM = V427YLBNBU;
				GENERATE_INFOPLIST_FILE = YES;
				INFOPLIST_FILE = InstagramFirestoreClone/Info.plist;
				INFOPLIST_KEY_UIApplicationSupportsIndirectInputEvents = YES;
				INFOPLIST_KEY_UILaunchStoryboardName = LaunchScreen;
				INFOPLIST_KEY_UIMainStoryboardFile = Main;
				INFOPLIST_KEY_UISupportedInterfaceOrientations_iPad = "UIInterfaceOrientationPortrait UIInterfaceOrientationPortraitUpsideDown UIInterfaceOrientationLandscapeLeft UIInterfaceOrientationLandscapeRight";
				INFOPLIST_KEY_UISupportedInterfaceOrientations_iPhone = "UIInterfaceOrientationPortrait UIInterfaceOrientationLandscapeLeft UIInterfaceOrientationLandscapeRight";
				LD_RUNPATH_SEARCH_PATHS = (
					"$(inherited)",
					"@executable_path/Frameworks",
				);
				MARKETING_VERSION = 1.0;
				PRODUCT_BUNDLE_IDENTIFIER = com.jmaronde.InstagramFirestoreClone;
				PRODUCT_NAME = "$(TARGET_NAME)";
				SWIFT_EMIT_LOC_STRINGS = YES;
				SWIFT_VERSION = 5.0;
				TARGETED_DEVICE_FAMILY = "1,2";
			};
			name = Debug;
		};
		1A7D38A928E05F6C00145A8D /* Release */ = {
			isa = XCBuildConfiguration;
			buildSettings = {
				ASSETCATALOG_COMPILER_APPICON_NAME = AppIcon;
				ASSETCATALOG_COMPILER_GLOBAL_ACCENT_COLOR_NAME = AccentColor;
				CODE_SIGN_STYLE = Automatic;
				CURRENT_PROJECT_VERSION = 1;
				DEVELOPMENT_TEAM = V427YLBNBU;
				GENERATE_INFOPLIST_FILE = YES;
				INFOPLIST_FILE = InstagramFirestoreClone/Info.plist;
				INFOPLIST_KEY_UIApplicationSupportsIndirectInputEvents = YES;
				INFOPLIST_KEY_UILaunchStoryboardName = LaunchScreen;
				INFOPLIST_KEY_UIMainStoryboardFile = Main;
				INFOPLIST_KEY_UISupportedInterfaceOrientations_iPad = "UIInterfaceOrientationPortrait UIInterfaceOrientationPortraitUpsideDown UIInterfaceOrientationLandscapeLeft UIInterfaceOrientationLandscapeRight";
				INFOPLIST_KEY_UISupportedInterfaceOrientations_iPhone = "UIInterfaceOrientationPortrait UIInterfaceOrientationLandscapeLeft UIInterfaceOrientationLandscapeRight";
				LD_RUNPATH_SEARCH_PATHS = (
					"$(inherited)",
					"@executable_path/Frameworks",
				);
				MARKETING_VERSION = 1.0;
				PRODUCT_BUNDLE_IDENTIFIER = com.jmaronde.InstagramFirestoreClone;
				PRODUCT_NAME = "$(TARGET_NAME)";
				SWIFT_EMIT_LOC_STRINGS = YES;
				SWIFT_VERSION = 5.0;
				TARGETED_DEVICE_FAMILY = "1,2";
			};
			name = Release;
		};
		1A7D38AB28E05F6C00145A8D /* Debug */ = {
			isa = XCBuildConfiguration;
			buildSettings = {
				ALWAYS_EMBED_SWIFT_STANDARD_LIBRARIES = YES;
				BUNDLE_LOADER = "$(TEST_HOST)";
				CODE_SIGN_STYLE = Automatic;
				CURRENT_PROJECT_VERSION = 1;
				DEVELOPMENT_TEAM = V427YLBNBU;
				GENERATE_INFOPLIST_FILE = YES;
				IPHONEOS_DEPLOYMENT_TARGET = 16.0;
				MARKETING_VERSION = 1.0;
				PRODUCT_BUNDLE_IDENTIFIER = com.jmaronde.InstagramFirestoreCloneTests;
				PRODUCT_NAME = "$(TARGET_NAME)";
				SWIFT_EMIT_LOC_STRINGS = NO;
				SWIFT_VERSION = 5.0;
				TARGETED_DEVICE_FAMILY = "1,2";
				TEST_HOST = "$(BUILT_PRODUCTS_DIR)/InstagramFirestoreClone.app/$(BUNDLE_EXECUTABLE_FOLDER_PATH)/InstagramFirestoreClone";
			};
			name = Debug;
		};
		1A7D38AC28E05F6C00145A8D /* Release */ = {
			isa = XCBuildConfiguration;
			buildSettings = {
				ALWAYS_EMBED_SWIFT_STANDARD_LIBRARIES = YES;
				BUNDLE_LOADER = "$(TEST_HOST)";
				CODE_SIGN_STYLE = Automatic;
				CURRENT_PROJECT_VERSION = 1;
				DEVELOPMENT_TEAM = V427YLBNBU;
				GENERATE_INFOPLIST_FILE = YES;
				IPHONEOS_DEPLOYMENT_TARGET = 16.0;
				MARKETING_VERSION = 1.0;
				PRODUCT_BUNDLE_IDENTIFIER = com.jmaronde.InstagramFirestoreCloneTests;
				PRODUCT_NAME = "$(TARGET_NAME)";
				SWIFT_EMIT_LOC_STRINGS = NO;
				SWIFT_VERSION = 5.0;
				TARGETED_DEVICE_FAMILY = "1,2";
				TEST_HOST = "$(BUILT_PRODUCTS_DIR)/InstagramFirestoreClone.app/$(BUNDLE_EXECUTABLE_FOLDER_PATH)/InstagramFirestoreClone";
			};
			name = Release;
		};
		1A7D38AE28E05F6C00145A8D /* Debug */ = {
			isa = XCBuildConfiguration;
			buildSettings = {
				ALWAYS_EMBED_SWIFT_STANDARD_LIBRARIES = YES;
				CODE_SIGN_STYLE = Automatic;
				CURRENT_PROJECT_VERSION = 1;
				DEVELOPMENT_TEAM = V427YLBNBU;
				GENERATE_INFOPLIST_FILE = YES;
				MARKETING_VERSION = 1.0;
				PRODUCT_BUNDLE_IDENTIFIER = com.jmaronde.InstagramFirestoreCloneUITests;
				PRODUCT_NAME = "$(TARGET_NAME)";
				SWIFT_EMIT_LOC_STRINGS = NO;
				SWIFT_VERSION = 5.0;
				TARGETED_DEVICE_FAMILY = "1,2";
				TEST_TARGET_NAME = InstagramFirestoreClone;
			};
			name = Debug;
		};
		1A7D38AF28E05F6C00145A8D /* Release */ = {
			isa = XCBuildConfiguration;
			buildSettings = {
				ALWAYS_EMBED_SWIFT_STANDARD_LIBRARIES = YES;
				CODE_SIGN_STYLE = Automatic;
				CURRENT_PROJECT_VERSION = 1;
				DEVELOPMENT_TEAM = V427YLBNBU;
				GENERATE_INFOPLIST_FILE = YES;
				MARKETING_VERSION = 1.0;
				PRODUCT_BUNDLE_IDENTIFIER = com.jmaronde.InstagramFirestoreCloneUITests;
				PRODUCT_NAME = "$(TARGET_NAME)";
				SWIFT_EMIT_LOC_STRINGS = NO;
				SWIFT_VERSION = 5.0;
				TARGETED_DEVICE_FAMILY = "1,2";
				TEST_TARGET_NAME = InstagramFirestoreClone;
			};
			name = Release;
		};
/* End XCBuildConfiguration section */

/* Begin XCConfigurationList section */
		1A7D387828E05F6B00145A8D /* Build configuration list for PBXProject "InstagramFirestoreClone" */ = {
			isa = XCConfigurationList;
			buildConfigurations = (
				1A7D38A528E05F6C00145A8D /* Debug */,
				1A7D38A628E05F6C00145A8D /* Release */,
			);
			defaultConfigurationIsVisible = 0;
			defaultConfigurationName = Release;
		};
		1A7D38A728E05F6C00145A8D /* Build configuration list for PBXNativeTarget "InstagramFirestoreClone" */ = {
			isa = XCConfigurationList;
			buildConfigurations = (
				1A7D38A828E05F6C00145A8D /* Debug */,
				1A7D38A928E05F6C00145A8D /* Release */,
			);
			defaultConfigurationIsVisible = 0;
			defaultConfigurationName = Release;
		};
		1A7D38AA28E05F6C00145A8D /* Build configuration list for PBXNativeTarget "InstagramFirestoreCloneTests" */ = {
			isa = XCConfigurationList;
			buildConfigurations = (
				1A7D38AB28E05F6C00145A8D /* Debug */,
				1A7D38AC28E05F6C00145A8D /* Release */,
			);
			defaultConfigurationIsVisible = 0;
			defaultConfigurationName = Release;
		};
		1A7D38AD28E05F6C00145A8D /* Build configuration list for PBXNativeTarget "InstagramFirestoreCloneUITests" */ = {
			isa = XCConfigurationList;
			buildConfigurations = (
				1A7D38AE28E05F6C00145A8D /* Debug */,
				1A7D38AF28E05F6C00145A8D /* Release */,
			);
			defaultConfigurationIsVisible = 0;
			defaultConfigurationName = Release;
		};
/* End XCConfigurationList section */
	};
	rootObject = 1A7D387528E05F6B00145A8D /* Project object */;
}
